# THIS IS AN AUTOGENERATED FILE. DO NOT EDIT THIS FILE DIRECTLY.
# yarn lockfile v1


"@cloudflare/workers-types@^2.2.2":
  version "2.2.2"
  resolved "https://registry.npmjs.org/@cloudflare/workers-types/-/workers-types-2.2.2.tgz"
  integrity sha512-kaMn2rueJ0PL1TYVGknTCh0X0x0d9G+FNXAFep7/4uqecEZoQb/63o6rOmMuiqI09zLuHV6xhKRXinokV/MY9A==

"@esbuild/darwin-arm64@0.17.18":
  version "0.17.18"
  resolved "https://registry.npmjs.org/@esbuild/darwin-arm64/-/darwin-arm64-0.17.18.tgz"
  integrity sha512-6tY+djEAdF48M1ONWnQb1C+6LiXrKjmqjzPNPWXhu/GzOHTHX2nh8Mo2ZAmBFg0kIodHhciEgUBtcYCAIjGbjQ==

"@resvg/resvg-wasm@^2.4.1":
  version "2.4.1"
  resolved "https://registry.npmjs.org/@resvg/resvg-wasm/-/resvg-wasm-2.4.1.tgz"
  integrity sha512-yi6R0HyHtsoWTRA06Col4WoDs7SvlXU3DLMNP2bdAgs7HK18dTEVl1weXgxRzi8gwLteGUbIg29zulxIB3GSdg==

"@shuding/opentype.js@1.4.0-beta.0":
  version "1.4.0-beta.0"
  resolved "https://registry.npmjs.org/@shuding/opentype.js/-/opentype.js-1.4.0-beta.0.tgz"
  integrity sha512-3NgmNyH3l/Hv6EvsWJbsvpcpUba6R8IREQ83nH83cyakCw7uM1arZKNfHwv1Wz6jgqrF/j4x5ELvR6PnK9nTcA==
  dependencies:
    fflate "^0.7.3"
    string.prototype.codepointat "^0.2.1"

"@types/jsdom@^21.1.1":
  version "21.1.1"
  resolved "https://registry.npmjs.org/@types/jsdom/-/jsdom-21.1.1.tgz"
  integrity sha512-cZFuoVLtzKP3gmq9eNosUL1R50U+USkbLtUQ1bYVgl/lKp0FZM7Cq4aIHAL8oIvQ17uSHi7jXPtfDOdjPwBE7A==
  dependencies:
    "@types/node" "*"
    "@types/tough-cookie" "*"
    parse5 "^7.0.0"

"@types/node-fetch@^2.5.10":
  version "2.6.3"
  resolved "https://registry.npmjs.org/@types/node-fetch/-/node-fetch-2.6.3.tgz"
  integrity sha512-ETTL1mOEdq/sxUtgtOhKjyB2Irra4cjxksvcMUR5Zr4n+PxVhsCD9WS46oPbHL3et9Zde7CNRr+WUNlcHvsX+w==
  dependencies:
    "@types/node" "*"
    form-data "^3.0.0"

"@types/node@*":
  version "18.16.0"
  resolved "https://registry.npmjs.org/@types/node/-/node-18.16.0.tgz"
  integrity sha512-BsAaKhB+7X+H4GnSjGhJG9Qi8Tw+inU9nJDwmD5CgOmBLEI6ArdhikpLX7DjbjDRDTbqZzU2LSQNZg8WGPiSZQ==

"@types/prop-types@*":
  version "15.7.5"
  resolved "https://registry.npmjs.org/@types/prop-types/-/prop-types-15.7.5.tgz"
  integrity sha512-JCB8C6SnDoQf0cNycqd/35A7MjcnK+ZTqE7judS6o7utxUCg6imJg3QK2qzHKszlTjcj2cn+NwMB2i96ubpj7w==

"@types/react@^18.0.29":
  version "18.0.38"
  resolved "https://registry.npmjs.org/@types/react/-/react-18.0.38.tgz"
  integrity sha512-ExsidLLSzYj4cvaQjGnQCk4HFfVT9+EZ9XZsQ8Hsrcn8QNgXtpZ3m9vSIC2MWtx7jHictK6wYhQgGh6ic58oOw==
  dependencies:
    "@types/prop-types" "*"
    "@types/scheduler" "*"
    csstype "^3.0.2"

"@types/scheduler@*":
  version "0.16.3"
  resolved "https://registry.npmjs.org/@types/scheduler/-/scheduler-0.16.3.tgz"
  integrity sha512-5cJ8CB4yAx7BH1oMvdU0Jh9lrEXyPkar6F9G/ERswkCuvP4KQZfZkSjcMbAICCpQTN4OuZn8tz0HiKv9TGZgrQ==

"@types/tough-cookie@*":
  version "4.0.2"
  resolved "https://registry.npmjs.org/@types/tough-cookie/-/tough-cookie-4.0.2.tgz"
  integrity sha512-Q5vtl1W5ue16D+nIaW8JWebSSraJVlK+EthKn7e7UcD4KWsaSJ8BqGPXNaPghgtcn/fhvrN17Tv8ksUsQpiplw==

"@webassemblyjs/ast@https://github.com/mitschabaude/webassemblyjs/releases/download/v1.11.1-3/webassemblyjs-ast.tgz", "@webassemblyjs/ast@https://github.com/mitschabaude/webassemblyjs/releases/latest/download/webassemblyjs-ast.tgz":
  version "1.11.1"
  resolved "https://github.com/mitschabaude/webassemblyjs/releases/download/v1.11.1-3/webassemblyjs-ast.tgz"
  integrity sha512-cY3aYc1FhZdiE9wUn474Kw+l288fmWZsrfLv8fR8/5q3rcUlYO+YoHewwPDV3L0sJBh48qCKORA/+PqQG7rDYA==
  dependencies:
    "@webassemblyjs/helper-numbers" "https://github.com/mitschabaude/webassemblyjs/releases/download/v1.11.1-3/webassemblyjs-helper-numbers.tgz"
    "@webassemblyjs/helper-wasm-bytecode" "https://github.com/mitschabaude/webassemblyjs/releases/download/v1.11.1-3/webassemblyjs-helper-wasm-bytecode.tgz"

"@webassemblyjs/floating-point-hex-parser@https://github.com/mitschabaude/webassemblyjs/releases/download/v1.11.1-3/webassemblyjs-floating-point-hex-parser.tgz":
  version "1.11.1"
  resolved "https://github.com/mitschabaude/webassemblyjs/releases/download/v1.11.1-3/webassemblyjs-floating-point-hex-parser.tgz"
  integrity sha512-z+6ExkIgehxOYG/AgXzBrkCJXAA9FmylpeE/85lYPounBo/eylW6NsvOkVcvzL5KETdKdxSbP0dCwxzAA5TFYA==

"@webassemblyjs/helper-api-error@https://github.com/mitschabaude/webassemblyjs/releases/download/v1.11.1-3/webassemblyjs-helper-api-error.tgz":
  version "1.11.1"
  resolved "https://github.com/mitschabaude/webassemblyjs/releases/download/v1.11.1-3/webassemblyjs-helper-api-error.tgz"
  integrity sha512-s47oO2lTrZ4YetGYyu7P4ueUZ3Zl+UfzGySLUFkPlxrV8amp4ySeiG0cS4zE54WYJ5ajG8x+kPcj+wmJmqjc8A==

"@webassemblyjs/helper-code-frame@https://github.com/mitschabaude/webassemblyjs/releases/download/v1.11.1-3/webassemblyjs-helper-code-frame.tgz":
  version "1.11.1"
  resolved "https://github.com/mitschabaude/webassemblyjs/releases/download/v1.11.1-3/webassemblyjs-helper-code-frame.tgz"
  integrity sha512-aF2xsJ/LYz6ld4+zNDJ8AsynC3g0UiP1/u+HExz6bPFq55VP7RL0/v22tixuzlfpVkOOrtapt9DL+uFJYSZoZQ==
  dependencies:
    "@webassemblyjs/wast-printer" "https://github.com/mitschabaude/webassemblyjs/releases/download/v1.11.1-3/webassemblyjs-wast-printer.tgz"

"@webassemblyjs/helper-fsm@https://github.com/mitschabaude/webassemblyjs/releases/download/v1.11.1-3/webassemblyjs-helper-fsm.tgz":
  version "1.11.1"
  resolved "https://github.com/mitschabaude/webassemblyjs/releases/download/v1.11.1-3/webassemblyjs-helper-fsm.tgz"
  integrity sha512-7GIVVj64wX4PZxQ89p/GjcMgMQW68DikfzSg18neCJvHa6d8+M0G1oUeeu2L+VfKf3DH9qfGwDjjwHiyMeATAg==

"@webassemblyjs/helper-numbers@https://github.com/mitschabaude/webassemblyjs/releases/download/v1.11.1-3/webassemblyjs-helper-numbers.tgz":
  version "1.11.1"
  resolved "https://github.com/mitschabaude/webassemblyjs/releases/download/v1.11.1-3/webassemblyjs-helper-numbers.tgz"
  integrity sha512-G9XJ1H90Po0cIEUgi3JlEg5x35k1WTjIhT1OSa6dWjP6Gu4H3unqUkdbnBHmgrdBx/TKuhm0fHarsIyGsneMSA==
  dependencies:
    "@webassemblyjs/floating-point-hex-parser" "https://github.com/mitschabaude/webassemblyjs/releases/download/v1.11.1-3/webassemblyjs-floating-point-hex-parser.tgz"
    "@webassemblyjs/helper-api-error" "https://github.com/mitschabaude/webassemblyjs/releases/download/v1.11.1-3/webassemblyjs-helper-api-error.tgz"
    "@xtuc/long" "4.2.2"

"@webassemblyjs/helper-wasm-bytecode@https://github.com/mitschabaude/webassemblyjs/releases/download/v1.11.1-3/webassemblyjs-helper-wasm-bytecode.tgz":
  version "1.11.1"
  resolved "https://github.com/mitschabaude/webassemblyjs/releases/download/v1.11.1-3/webassemblyjs-helper-wasm-bytecode.tgz"
  integrity sha512-XPAPtrVginHTCjk4taKHVZq7A1mC8zcLrNS3PTWzR84IX1RUdVI7XpAulr6F6bzBHrpRfm8JDq9PhLxCqEjgvA==

"@webassemblyjs/ieee754@https://github.com/mitschabaude/webassemblyjs/releases/download/v1.11.1-3/webassemblyjs-ieee754.tgz":
  version "1.11.1"
  resolved "https://github.com/mitschabaude/webassemblyjs/releases/download/v1.11.1-3/webassemblyjs-ieee754.tgz"
  integrity sha512-xhKvCB2yysf6hg7LE52/0Q4DK9ydWkZIPwhQuGBtatSjwxU1oFd7JxQe+oqd8bmrYEd/W86Cq1FfA81IOpKTqA==
  dependencies:
    "@xtuc/ieee754" "^1.2.0"

"@webassemblyjs/leb128@https://github.com/mitschabaude/webassemblyjs/releases/download/v1.11.1-3/webassemblyjs-leb128.tgz":
  version "1.11.1"
  resolved "https://github.com/mitschabaude/webassemblyjs/releases/download/v1.11.1-3/webassemblyjs-leb128.tgz"
  integrity sha512-eXvoK2Q3MG9IXIRmVncysJDk2y7ImoztWbbRE/UytbBAFkw/c2qxTVty3gX2YhoRjAvv9/ifBqVkBZ8uh4/KSg==
  dependencies:
    "@xtuc/long" "4.2.2"

"@webassemblyjs/utf8@https://github.com/mitschabaude/webassemblyjs/releases/download/v1.11.1-3/webassemblyjs-utf8.tgz":
  version "1.11.1"
  resolved "https://github.com/mitschabaude/webassemblyjs/releases/download/v1.11.1-3/webassemblyjs-utf8.tgz"
  integrity sha512-K0M8V6g1+k4hSoP/XdPvAN2y7A2FYP5IThWUTRSif1KhbiggxF1jbiVoq7YLCucWA8MZs/f5p257KKqtSKXP1A==

"@webassemblyjs/wasm-parser@https://github.com/mitschabaude/webassemblyjs/releases/latest/download/webassemblyjs-wasm-parser.tgz":
  version "1.11.1"
  resolved "https://github.com/mitschabaude/webassemblyjs/releases/latest/download/webassemblyjs-wasm-parser.tgz"
  integrity sha512-/jo3/7k69tIuWln/HaHKhTfm3f3zISDmCXKVFeGPc3XMPLr11EY0p3zPyHG1SKHkWETdG5LJIhMaD+CAlfk6qg==
  dependencies:
    "@webassemblyjs/ast" "https://github.com/mitschabaude/webassemblyjs/releases/download/v1.11.1-3/webassemblyjs-ast.tgz"
    "@webassemblyjs/helper-api-error" "https://github.com/mitschabaude/webassemblyjs/releases/download/v1.11.1-3/webassemblyjs-helper-api-error.tgz"
    "@webassemblyjs/helper-wasm-bytecode" "https://github.com/mitschabaude/webassemblyjs/releases/download/v1.11.1-3/webassemblyjs-helper-wasm-bytecode.tgz"
    "@webassemblyjs/ieee754" "https://github.com/mitschabaude/webassemblyjs/releases/download/v1.11.1-3/webassemblyjs-ieee754.tgz"
    "@webassemblyjs/leb128" "https://github.com/mitschabaude/webassemblyjs/releases/download/v1.11.1-3/webassemblyjs-leb128.tgz"
    "@webassemblyjs/utf8" "https://github.com/mitschabaude/webassemblyjs/releases/download/v1.11.1-3/webassemblyjs-utf8.tgz"

"@webassemblyjs/wast-parser@https://github.com/mitschabaude/webassemblyjs/releases/latest/download/webassemblyjs-wast-parser.tgz":
  version "1.11.1"
  resolved "https://github.com/mitschabaude/webassemblyjs/releases/latest/download/webassemblyjs-wast-parser.tgz"
  integrity sha512-DVGZfBnzYbqyHuvAKGiDc8gw0s0MITY2zrsPGvtx2XpaNJ1tHaeNpyOHs+GvN6/k7VsuEmNqrIzTpl6apw1oSQ==
  dependencies:
    "@webassemblyjs/ast" "https://github.com/mitschabaude/webassemblyjs/releases/download/v1.11.1-3/webassemblyjs-ast.tgz"
    "@webassemblyjs/floating-point-hex-parser" "https://github.com/mitschabaude/webassemblyjs/releases/download/v1.11.1-3/webassemblyjs-floating-point-hex-parser.tgz"
    "@webassemblyjs/helper-api-error" "https://github.com/mitschabaude/webassemblyjs/releases/download/v1.11.1-3/webassemblyjs-helper-api-error.tgz"
    "@webassemblyjs/helper-code-frame" "https://github.com/mitschabaude/webassemblyjs/releases/download/v1.11.1-3/webassemblyjs-helper-code-frame.tgz"
    "@webassemblyjs/helper-fsm" "https://github.com/mitschabaude/webassemblyjs/releases/download/v1.11.1-3/webassemblyjs-helper-fsm.tgz"
    "@xtuc/long" "4.2.2"

"@webassemblyjs/wast-printer@https://github.com/mitschabaude/webassemblyjs/releases/download/v1.11.1-3/webassemblyjs-wast-printer.tgz", "@webassemblyjs/wast-printer@https://github.com/mitschabaude/webassemblyjs/releases/latest/download/webassemblyjs-wast-printer.tgz":
  version "1.11.1"
  resolved "https://github.com/mitschabaude/webassemblyjs/releases/download/v1.11.1-3/webassemblyjs-wast-printer.tgz"
  integrity sha512-WFuDIpmoSfU0Du2GA/UGluMJLgKWALsGPcvkDFg3GDgxdDyva1hIW+8K6frSbv/YTwo50gBhW5dw4OB7cr6T5Q==
  dependencies:
    "@webassemblyjs/ast" "https://github.com/mitschabaude/webassemblyjs/releases/download/v1.11.1-3/webassemblyjs-ast.tgz"
    "@xtuc/long" "4.2.2"

"@xtuc/ieee754@^1.2.0":
  version "1.2.0"
  resolved "https://registry.npmjs.org/@xtuc/ieee754/-/ieee754-1.2.0.tgz"
  integrity sha512-DX8nKgqcGwsc0eJSqYt5lwP4DH5FlHnmuWWBRy7X0NcaGR0ZtuyeESgMwTYVEtxmsNGY+qit4QYT/MIYTOTPeA==

"@xtuc/long@4.2.2":
  version "4.2.2"
  resolved "https://registry.npmjs.org/@xtuc/long/-/long-4.2.2.tgz"
  integrity sha512-NuHqBY1PB/D8xU6s/thBgOAiAP7HOYDQ32+BFZILJ8ivkUkAHQnWfn6WhL79Owj1qmUnoN/YPhktdIoucipkAQ==

ansi-styles@^3.2.1:
  version "3.2.1"
  resolved "https://registry.npmjs.org/ansi-styles/-/ansi-styles-3.2.1.tgz"
  integrity sha512-VT0ZI6kZRdTh8YyJw3SMbYm/u+NqfsAxEpWO0Pf9sq8/e94WxxOpPKx9FR1FlyCtOVDNOQ+8ntlqFxiRc+r5qA==
  dependencies:
    color-convert "^1.9.0"

asynckit@^0.4.0:
  version "0.4.0"
  resolved "https://registry.npmjs.org/asynckit/-/asynckit-0.4.0.tgz"
  integrity sha512-Oei9OH4tRh0YqU3GxhX79dM/mwVgvbZJaSNaRk+bshkj0S5cfHcgYakreBjrHwatXKbz+IoIdYLxrKim2MjW0Q==

base64-js@0.0.8:
  version "0.0.8"
  resolved "https://registry.npmjs.org/base64-js/-/base64-js-0.0.8.tgz"
  integrity sha512-3XSA2cR/h/73EzlXXdU6YNycmYI7+kicTxks4eJg2g39biHR84slg2+des+p7iHYhbRg/udIS4TD53WabcOUkw==

big.js@^5.2.2:
  version "5.2.2"
  resolved "https://registry.npmjs.org/big.js/-/big.js-5.2.2.tgz"
  integrity sha512-vyL2OymJxmarO8gxMr0mhChsO9QGwhynfuu4+MHTAW6czfq9humCB7rKpUjDd9YUiDPU4mzpyupFSvOClAwbmQ==

binaryen@latest:
  version "113.0.0"
  resolved "https://registry.npmjs.org/binaryen/-/binaryen-113.0.0.tgz"
  integrity sha512-KJIIE7dzkFrPXYNkorEx9L1UQVGkpQfZw3HlrVXtol5SuzBY5AL1/zgg0gvuXJqdwJCe1xFiqqCaDrZd9OGgGQ==

boolbase@^1.0.0:
  version "1.0.0"
  resolved "https://registry.npmjs.org/boolbase/-/boolbase-1.0.0.tgz"
  integrity sha512-JZOSA7Mo9sNGB8+UjSgzdLtokWAky1zbztM3WRLCbZ70/3cTANmQmOdR7y2g+J0e2WXywy1yS468tY+IruqEww==

braces@^3.0.2:
  version "3.0.2"
  resolved "https://registry.npmjs.org/braces/-/braces-3.0.2.tgz"
  integrity sha512-b8um+L1RzM3WDSzvhm6gIz1yfTbBt6YTlcEKAvsmqCZZFw46z626lVj9j1yEPW33H5H+lBQpZMP1k8l+78Ha0A==
  dependencies:
    fill-range "^7.0.1"

browser-buffer@0.0.1-1:
  version "0.0.1-1"
  resolved "https://registry.npmjs.org/browser-buffer/-/browser-buffer-0.0.1-1.tgz"
  integrity sha512-859xcrZ5xxNfMNhCiJm2f2G7NNQyDsuodAk0IwX759oHzatFrbv1NMIspwPCA3Q5hq1KwRoDpqRdheXJBqUqZQ==

camelize@^1.0.0:
  version "1.0.1"
  resolved "https://registry.npmjs.org/camelize/-/camelize-1.0.1.tgz"
  integrity sha512-dU+Tx2fsypxTgtLoE36npi3UqcjSSMNYfkqgmoEhtZrraP5VWq0K7FkWVTYa8eMPtnU/G2txVsfdCJTn9uzpuQ==

chalk@^2.3.0:
  version "2.4.2"
  resolved "https://registry.npmjs.org/chalk/-/chalk-2.4.2.tgz"
  integrity sha512-Mti+f9lpJNcwF4tWV8/OrTTtF1gZi+f8FqlyAdouralcFWFQWF2+NgCHShjkCb+IFBLq9buZwE1xckQU4peSuQ==
  dependencies:
    ansi-styles "^3.2.1"
    escape-string-regexp "^1.0.5"
    supports-color "^5.3.0"

cheerio-select@^2.1.0:
  version "2.1.0"
  resolved "https://registry.npmjs.org/cheerio-select/-/cheerio-select-2.1.0.tgz"
  integrity sha512-9v9kG0LvzrlcungtnJtpGNxY+fzECQKhK4EGJX2vByejiMX84MFNQw4UxPJl3bFbTMw+Dfs37XaIkCwTZfLh4g==
  dependencies:
    boolbase "^1.0.0"
    css-select "^5.1.0"
    css-what "^6.1.0"
    domelementtype "^2.3.0"
    domhandler "^5.0.3"
    domutils "^3.0.1"

cheerio@^1.0.0-rc.12:
  version "1.0.0-rc.12"
  resolved "https://registry.npmjs.org/cheerio/-/cheerio-1.0.0-rc.12.tgz"
  integrity sha512-VqR8m68vM46BNnuZ5NtnGBKIE/DfN0cRIzg9n40EIq9NOv90ayxLBXA8fXC5gquFRGJSTRqBq25Jt2ECLR431Q==
  dependencies:
    cheerio-select "^2.1.0"
    dom-serializer "^2.0.0"
    domhandler "^5.0.3"
    domutils "^3.0.1"
    htmlparser2 "^8.0.1"
    parse5 "^7.0.0"
    parse5-htmlparser2-tree-adapter "^7.0.0"

color-convert@^1.9.0:
  version "1.9.3"
  resolved "https://registry.npmjs.org/color-convert/-/color-convert-1.9.3.tgz"
  integrity sha512-QfAUtd+vFdAtFQcC8CCyYt1fYWxSqAiK2cSD6zDB8N3cpsEBAvRxp9zOGg6G/SHHJYAT88/az/IuDGALsNVbGg==
  dependencies:
    color-name "1.1.3"

color-name@^1.1.4:
  version "1.1.4"
  resolved "https://registry.npmjs.org/color-name/-/color-name-1.1.4.tgz"
  integrity sha512-dOy+3AuW3a2wNbZHIuMZpTcgjGuLU/uBL/ubcZF9OXbDo8ff4O8yVp5Bf0efS8uEoYo5q4Fx7dY9OgQGXgAsQA==

color-name@1.1.3:
  version "1.1.3"
  resolved "https://registry.npmjs.org/color-name/-/color-name-1.1.3.tgz"
  integrity sha512-72fSenhMw2HZMTVHeCA9KCmpEIbzWiQsjN+BHcBbS9vr1mtt+vJjPdksIBNUmKAW8TFUDPJK5SUU3QhE9NEXDw==

combined-stream@^1.0.8:
  version "1.0.8"
  resolved "https://registry.npmjs.org/combined-stream/-/combined-stream-1.0.8.tgz"
  integrity sha512-FQN4MRfuJeHf7cBbBMJFXhKSDq+2kAArBlmRBvcvFE5BB1HZKXtSFASDhdlz9zOYwxh8lDdnvmMOe/+5cdoEdg==
  dependencies:
    delayed-stream "~1.0.0"

commondir@^1.0.1:
  version "1.0.1"
  resolved "https://registry.npmjs.org/commondir/-/commondir-1.0.1.tgz"
  integrity sha512-W9pAhw0ja1Edb5GVdIF1mjZw/ASI0AlShXM83UUGe2DVr5TdAPEA1OA8m/g8zWp9x6On7gqufY+FatDbC3MDQg==

core-util-is@~1.0.0:
  version "1.0.3"
  resolved "https://registry.npmjs.org/core-util-is/-/core-util-is-1.0.3.tgz"
  integrity sha512-ZQBvi1DcpJ4GDqanjucZ2Hj3wEO5pZDS89BWbkcrvdxksJorwUDDZamX9ldFkp9aw2lmBDLgkObEA4DWNJ9FYQ==

css-background-parser@^0.1.0:
  version "0.1.0"
  resolved "https://registry.npmjs.org/css-background-parser/-/css-background-parser-0.1.0.tgz"
  integrity sha512-2EZLisiZQ+7m4wwur/qiYJRniHX4K5Tc9w93MT3AS0WS1u5kaZ4FKXlOTBhOjc+CgEgPiGY+fX1yWD8UwpEqUA==

css-box-shadow@1.0.0-3:
  version "1.0.0-3"
  resolved "https://registry.npmjs.org/css-box-shadow/-/css-box-shadow-1.0.0-3.tgz"
  integrity sha512-9jaqR6e7Ohds+aWwmhe6wILJ99xYQbfmK9QQB9CcMjDbTxPZjwEmUQpU91OG05Xgm8BahT5fW+svbsQGjS/zPg==

css-color-keywords@^1.0.0:
  version "1.0.0"
  resolved "https://registry.npmjs.org/css-color-keywords/-/css-color-keywords-1.0.0.tgz"
  integrity sha512-FyyrDHZKEjXDpNJYvVsV960FiqQyXc/LlYmsxl2BcdMb2WPx0OGRVgTg55rPSyLSNMqP52R9r8geSp7apN3Ofg==

css-select@^5.1.0:
  version "5.1.0"
  resolved "https://registry.npmjs.org/css-select/-/css-select-5.1.0.tgz"
  integrity sha512-nwoRF1rvRRnnCqqY7updORDsuqKzqYJ28+oSMaJMMgOauh3fvwHqMS7EZpIPqK8GL+g9mKxF1vP/ZjSeNjEVHg==
  dependencies:
    boolbase "^1.0.0"
    css-what "^6.1.0"
    domhandler "^5.0.2"
    domutils "^3.0.1"
    nth-check "^2.0.1"

css-to-react-native@^3.0.0:
  version "3.2.0"
  resolved "https://registry.npmjs.org/css-to-react-native/-/css-to-react-native-3.2.0.tgz"
  integrity sha512-e8RKaLXMOFii+02mOlqwjbD00KSEKqblnpO9e++1aXS1fPQOpS1YoqdVHBqPjHNoxeF2mimzVqawm2KCbEdtHQ==
  dependencies:
    camelize "^1.0.0"
    css-color-keywords "^1.0.0"
    postcss-value-parser "^4.0.2"

css-what@^6.1.0:
  version "6.1.0"
  resolved "https://registry.npmjs.org/css-what/-/css-what-6.1.0.tgz"
  integrity sha512-HTUrgRJ7r4dsZKU6GjmpfRK1O76h97Z8MfS1G0FozR+oF2kG6Vfe8JE6zwrkbxigziPHinCJ+gCPjA9EaBDtRw==

csstype@^3.0.2:
  version "3.1.2"
  resolved "https://registry.npmjs.org/csstype/-/csstype-3.1.2.tgz"
  integrity sha512-I7K1Uu0MBPzaFKg4nI5Q7Vs2t+3gWWW648spaF+Rg7pI9ds18Ugn+lvg4SHczUdKlHI5LWBXyqfS8+DufyBsgQ==

delayed-stream@~1.0.0:
  version "1.0.0"
  resolved "https://registry.npmjs.org/delayed-stream/-/delayed-stream-1.0.0.tgz"
  integrity sha512-ZySD7Nf91aLB0RxL4KGrKHBXl7Eds1DAmEdcoVawXnLD7SDhpNgtuII2aAkg7a7QS41jxPSZ17p4VdGnMHk3MQ==

discord-api-types@^0.37.37:
  version "0.37.39"
  resolved "https://registry.npmjs.org/discord-api-types/-/discord-api-types-0.37.39.tgz"
  integrity sha512-hkhQsQyzsTJITp311WXvHZh9j4RAMfIk2hPmsWeOTN50QTpg6zqmJNfel9D/8lYNvsU01wzw9281Yke8NhYyHg==

dom-serializer@^2.0.0:
  version "2.0.0"
  resolved "https://registry.npmjs.org/dom-serializer/-/dom-serializer-2.0.0.tgz"
  integrity sha512-wIkAryiqt/nV5EQKqQpo3SToSOV9J0DnbJqwK7Wv/Trc92zIAYZ4FlMu+JPFW1DfGFt81ZTCGgDEabffXeLyJg==
  dependencies:
    domelementtype "^2.3.0"
    domhandler "^5.0.2"
    entities "^4.2.0"

domelementtype@^2.3.0:
  version "2.3.0"
  resolved "https://registry.npmjs.org/domelementtype/-/domelementtype-2.3.0.tgz"
  integrity sha512-OLETBj6w0OsagBwdXnPdN0cnMfF9opN69co+7ZrbfPGrdpPVNBUj02spi6B1N7wChLQiPn4CSH/zJvXw56gmHw==

domhandler@^5.0.2, domhandler@^5.0.3:
  version "5.0.3"
  resolved "https://registry.npmjs.org/domhandler/-/domhandler-5.0.3.tgz"
  integrity sha512-cgwlv/1iFQiFnU96XXgROh8xTeetsnJiDsTc7TYCLFd9+/WNkIqPTxiM/8pSd8VIrhXGTf1Ny1q1hquVqDJB5w==
  dependencies:
    domelementtype "^2.3.0"

domutils@^3.0.1:
  version "3.1.0"
  resolved "https://registry.npmjs.org/domutils/-/domutils-3.1.0.tgz"
  integrity sha512-H78uMmQtI2AhgDJjWeQmHwJJ2bLPD3GMmO7Zja/ZZh84wkm+4ut+IUnUdRa8uCGX88DiVx1j6FRe1XfxEgjEZA==
  dependencies:
    dom-serializer "^2.0.0"
    domelementtype "^2.3.0"
    domhandler "^5.0.3"

dotenv@^16.0.3:
  version "16.0.3"
  resolved "https://registry.npmjs.org/dotenv/-/dotenv-16.0.3.tgz"
  integrity sha512-7GO6HghkA5fYG9TYnNxi14/7K9f5occMlp3zXAuSxn7CKCxt9xbNWG7yF8hTCSUchlfWSe3uLmlPfigevRItzQ==

emoji-regex@^10.2.1:
  version "10.2.1"
  resolved "https://registry.npmjs.org/emoji-regex/-/emoji-regex-10.2.1.tgz"
  integrity sha512-97g6QgOk8zlDRdgq1WxwgTMgEWGVAQvB5Fdpgc1MkNy56la5SKP9GsMXKDOdqwn90/41a8yPwIGk1Y6WVbeMQA==

emojis-list@^3.0.0:
  version "3.0.0"
  resolved "https://registry.npmjs.org/emojis-list/-/emojis-list-3.0.0.tgz"
  integrity sha512-/kyM18EfinwXZbno9FyUGeFh87KC8HRQBQGildHZbEuRyWFOmv1U10o9BBp8XVZDVNNuQKyIGIu5ZYAAXJ0V2Q==

enhanced-resolve@^4.0.0:
  version "4.5.0"
  resolved "https://registry.npmjs.org/enhanced-resolve/-/enhanced-resolve-4.5.0.tgz"
  integrity sha512-Nv9m36S/vxpsI+Hc4/ZGRs0n9mXqSWGGq49zxb/cJfPAQMbUtttJAlNPS4AQzaBdw/pKskw5bMbekT/Y7W/Wlg==
  dependencies:
    graceful-fs "^4.1.2"
    memory-fs "^0.5.0"
    tapable "^1.0.0"

entities@^4.2.0, entities@^4.4.0:
  version "4.5.0"
  resolved "https://registry.npmjs.org/entities/-/entities-4.5.0.tgz"
  integrity sha512-V0hjH4dGPh9Ao5p0MoRY6BVqtwCjhz6vI5LT8AJ55H+4g9/4vbHx1I54fS0XuclLhDHArPQCiMjDxjaL8fPxhw==

errno@^0.1.3:
  version "0.1.8"
  resolved "https://registry.npmjs.org/errno/-/errno-0.1.8.tgz"
  integrity sha512-dJ6oBr5SQ1VSd9qkk7ByRgb/1SH4JZjCHSW/mr63/QcXO9zLVxvJ6Oy13nio03rxpSnVDDjFor75SjVeZWPW/A==
  dependencies:
    prr "~1.0.1"

es-module-lexer@0.4.1:
  version "0.4.1"
  resolved "https://registry.npmjs.org/es-module-lexer/-/es-module-lexer-0.4.1.tgz"
  integrity sha512-ooYciCUtfw6/d2w56UVeqHPcoCFAiJdz5XOkYpv/Txl1HMUozpXjz/2RIQgqwKdXNDPSF1W7mJCFse3G+HDyAA==

esbuild-plugin-wat@^0.2.7:
  version "0.2.7"
  resolved "https://registry.npmjs.org/esbuild-plugin-wat/-/esbuild-plugin-wat-0.2.7.tgz"
  integrity sha512-Hb2BJHezVrKDu3zY/gAKdLa5j3l8ybgi7UDgxFHwpxjMRqmMgceBa1FIQLZovfh5bhbl1u0n4MMnhRS0yM1BNg==
  dependencies:
    "@webassemblyjs/ast" "https://github.com/mitschabaude/webassemblyjs/releases/latest/download/webassemblyjs-ast.tgz"
    "@webassemblyjs/wasm-parser" "https://github.com/mitschabaude/webassemblyjs/releases/latest/download/webassemblyjs-wasm-parser.tgz"
    "@webassemblyjs/wast-parser" "https://github.com/mitschabaude/webassemblyjs/releases/latest/download/webassemblyjs-wast-parser.tgz"
    "@webassemblyjs/wast-printer" "https://github.com/mitschabaude/webassemblyjs/releases/latest/download/webassemblyjs-wast-printer.tgz"
    binaryen latest
    find-cache-dir "^3.3.1"
    minimist "^1.2.5"
    parse-imports "^1.1.0"
    wabt latest

esbuild@^0.17.14:
  version "0.17.18"
  resolved "https://registry.npmjs.org/esbuild/-/esbuild-0.17.18.tgz"
  integrity sha512-z1lix43jBs6UKjcZVKOw2xx69ffE2aG0PygLL5qJ9OS/gy0Ewd1gW/PUQIOIQGXBHWNywSc0floSKoMFF8aK2w==
  optionalDependencies:
    "@esbuild/android-arm" "0.17.18"
    "@esbuild/android-arm64" "0.17.18"
    "@esbuild/android-x64" "0.17.18"
    "@esbuild/darwin-arm64" "0.17.18"
    "@esbuild/darwin-x64" "0.17.18"
    "@esbuild/freebsd-arm64" "0.17.18"
    "@esbuild/freebsd-x64" "0.17.18"
    "@esbuild/linux-arm" "0.17.18"
    "@esbuild/linux-arm64" "0.17.18"
    "@esbuild/linux-ia32" "0.17.18"
    "@esbuild/linux-loong64" "0.17.18"
    "@esbuild/linux-mips64el" "0.17.18"
    "@esbuild/linux-ppc64" "0.17.18"
    "@esbuild/linux-riscv64" "0.17.18"
    "@esbuild/linux-s390x" "0.17.18"
    "@esbuild/linux-x64" "0.17.18"
    "@esbuild/netbsd-x64" "0.17.18"
    "@esbuild/openbsd-x64" "0.17.18"
    "@esbuild/sunos-x64" "0.17.18"
    "@esbuild/win32-arm64" "0.17.18"
    "@esbuild/win32-ia32" "0.17.18"
    "@esbuild/win32-x64" "0.17.18"

escape-string-regexp@^1.0.5:
  version "1.0.5"
  resolved "https://registry.npmjs.org/escape-string-regexp/-/escape-string-regexp-1.0.5.tgz"
  integrity sha512-vbRorB5FUQWvla16U8R/qgaFIya2qGzwDrNmCZuYKrbdSUMG6I1ZCGQRefkRVhuOkIGVne7BQ35DSfo1qvJqFg==

estree-walker@^0.6.1:
  version "0.6.1"
  resolved "https://registry.npmjs.org/estree-walker/-/estree-walker-0.6.1.tgz"
  integrity sha512-SqmZANLWS0mnatqbSfRP5g8OXZC12Fgg1IwNtLsyHDzJizORW4khDfjPqJZsemPWBB2uqykUah5YpQ6epsqC/w==

expr-eval@^2.0.2:
  version "2.0.2"
  resolved "https://registry.npmjs.org/expr-eval/-/expr-eval-2.0.2.tgz"
  integrity sha512-4EMSHGOPSwAfBiibw3ndnP0AvjDWLsMvGOvWEZ2F96IGk0bIVdjQisOHxReSkE13mHcfbuCiXw+G4y0zv6N8Eg==

fflate@^0.7.3:
  version "0.7.4"
  resolved "https://registry.npmjs.org/fflate/-/fflate-0.7.4.tgz"
  integrity sha512-5u2V/CDW15QM1XbbgS+0DfPxVB+jUKhWEKuuFuHncbk3tEEqzmoXL+2KyOFuKGqOnmdIy0/davWF1CkuwtibCw==

fill-range@^7.0.1:
  version "7.0.1"
  resolved "https://registry.npmjs.org/fill-range/-/fill-range-7.0.1.tgz"
  integrity sha512-qOo9F+dMUmC2Lcb4BbVvnKJxTPjCm+RRpe4gDuGrzkL7mEVl/djYSu2OdQ2Pa302N4oqkSg9ir6jaLWJ2USVpQ==
  dependencies:
    to-regex-range "^5.0.1"

find-cache-dir@^3.3.1:
  version "3.3.2"
  resolved "https://registry.npmjs.org/find-cache-dir/-/find-cache-dir-3.3.2.tgz"
  integrity sha512-wXZV5emFEjrridIgED11OoUKLxiYjAcqot/NJdAkOhlJ+vGzwhOAfcG5OX1jP+S0PcjEn8bdMJv+g2jwQ3Onig==
  dependencies:
    commondir "^1.0.1"
    make-dir "^3.0.2"
    pkg-dir "^4.1.0"

find-up@^4.0.0:
  version "4.1.0"
  resolved "https://registry.npmjs.org/find-up/-/find-up-4.1.0.tgz"
  integrity sha512-PpOwAdQ/YlXQ2vj8a3h8IipDuYRi3wceVQQGYWxNINccq40Anw7BlsEXCMbt1Zt+OLA6Fq9suIpIWD0OsnISlw==
  dependencies:
    locate-path "^5.0.0"
    path-exists "^4.0.0"

form-data@^3.0.0:
  version "3.0.1"
  resolved "https://registry.npmjs.org/form-data/-/form-data-3.0.1.tgz"
  integrity sha512-RHkBKtLWUVwd7SqRIvCZMEvAMoGUp0XU+seQiZejj0COz3RI3hWP4sCv3gZWWLjJTd7rGwcsF5eKZGii0r/hbg==
  dependencies:
    asynckit "^0.4.0"
    combined-stream "^1.0.8"
    mime-types "^2.1.12"

graceful-fs@^4.1.2:
  version "4.2.11"
  resolved "https://registry.npmjs.org/graceful-fs/-/graceful-fs-4.2.11.tgz"
  integrity sha512-RbJ5/jmFcNNCcDV5o9eTnBLJ/HszWV0P73bc+Ff4nS/rJj+YaS6IGyiOL0VoBYX+l1Wrl3k63h/KrH+nhJ0XvQ==

has-flag@^3.0.0:
  version "3.0.0"
  resolved "https://registry.npmjs.org/has-flag/-/has-flag-3.0.0.tgz"
  integrity sha512-sKJf1+ceQBr4SMkvQnBDNDtf4TXpVhVGateu0t918bl30FnbE2m4vNLX+VWe/dpjlb+HugGYzW7uQXH98HPEYw==

hex-rgb@^4.1.0:
  version "4.3.0"
  resolved "https://registry.npmjs.org/hex-rgb/-/hex-rgb-4.3.0.tgz"
  integrity sha512-Ox1pJVrDCyGHMG9CFg1tmrRUMRPRsAWYc/PinY0XzJU4K7y7vjNoLKIQ7BR5UJMCxNN8EM1MNDmHWA/B3aZUuw==

htmlparser2@^8.0.1:
  version "8.0.2"
  resolved "https://registry.npmjs.org/htmlparser2/-/htmlparser2-8.0.2.tgz"
  integrity sha512-GYdjWKDkbRLkZ5geuHs5NY1puJ+PXwP7+fHPRz06Eirsb9ugf6d8kkXav6ADhcODhFFPMIXyxkxSuMf3D6NCFA==
  dependencies:
    domelementtype "^2.3.0"
    domhandler "^5.0.3"
    domutils "^3.0.1"
    entities "^4.4.0"

inherits@~2.0.3:
  version "2.0.4"
  resolved "https://registry.npmjs.org/inherits/-/inherits-2.0.4.tgz"
  integrity sha512-k/vGaX4/Yla3WzyMCvTQOXYeIHvqOKtnqBduzTHpzpQZzAskKMhZ2K+EnBiSM9zGSoIFeMpXKxa4dYeZIQqewQ==

is-number@^7.0.0:
  version "7.0.0"
  resolved "https://registry.npmjs.org/is-number/-/is-number-7.0.0.tgz"
  integrity sha512-41Cifkg6e8TylSpdtTpeLVMqvSBEVzTttHvERD741+pnZ8ANv0004MRL43QKPDlK9cGvNp6NZWZUBlbGXYxxng==

isarray@~1.0.0:
  version "1.0.0"
  resolved "https://registry.npmjs.org/isarray/-/isarray-1.0.0.tgz"
  integrity sha512-VLghIWNM6ELQzo7zwmcg0NmTVyWKYjvIeM83yjp0wRDTmUnrM678fQbcKBo6n2CJEF0szoG//ytg+TKla89ALQ==

"js-tokens@^3.0.0 || ^4.0.0":
  version "4.0.0"
  resolved "https://registry.npmjs.org/js-tokens/-/js-tokens-4.0.0.tgz"
  integrity sha512-RdJUflcE3cUzKiMqQgsCu06FPu9UdIJO0beYbPhHN4k6apgJtifcoCtT9bcxOpYBtpD2kCM6Sbzg4CausW/PKQ==

json5@^1.0.1:
  version "1.0.2"
  resolved "https://registry.npmjs.org/json5/-/json5-1.0.2.tgz"
  integrity sha512-g1MWMLBiz8FKi1e4w0UyVL3w+iJceWAFBAaBnnGKOpNa5f8TLktkbre1+s6oICydWAm+HRUGTmI+//xv2hvXYA==
  dependencies:
    minimist "^1.2.0"

linebreak@^1.1.0:
  version "1.1.0"
  resolved "https://registry.npmjs.org/linebreak/-/linebreak-1.1.0.tgz"
  integrity sha512-MHp03UImeVhB7XZtjd0E4n6+3xr5Dq/9xI/5FptGk5FrbDR3zagPa2DS6U8ks/3HjbKWG9Q1M2ufOzxV2qLYSQ==
  dependencies:
    base64-js "0.0.8"
    unicode-trie "^2.0.0"

loader-utils@^1.0.2:
  version "1.4.2"
  resolved "https://registry.npmjs.org/loader-utils/-/loader-utils-1.4.2.tgz"
  integrity sha512-I5d00Pd/jwMD2QCduo657+YM/6L3KZu++pmX9VFncxaxvHcru9jx1lBaFft+r4Mt2jK0Yhp41XlRAihzPxHNCg==
  dependencies:
    big.js "^5.2.2"
    emojis-list "^3.0.0"
    json5 "^1.0.1"

locate-path@^5.0.0:
  version "5.0.0"
  resolved "https://registry.npmjs.org/locate-path/-/locate-path-5.0.0.tgz"
  integrity sha512-t7hw9pI+WvuwNJXwk5zVHpyhIqzg2qTlklJOf0mVxGSbe3Fp2VieZcduNYjaLDoy6p9uGpQEGWG87WpMKlNq8g==
  dependencies:
    p-locate "^4.1.0"

loose-envify@^1.1.0:
  version "1.4.0"
  resolved "https://registry.npmjs.org/loose-envify/-/loose-envify-1.4.0.tgz"
  integrity sha512-lyuxPGr/Wfhrlem2CL/UcnUc1zcqKAImBDzukY7Y5F/yQiNdko6+fRLevlw1HgMySw7f611UIY408EtxRSoK3Q==
  dependencies:
    js-tokens "^3.0.0 || ^4.0.0"

magic-string@^0.25.3:
  version "0.25.9"
  resolved "https://registry.npmjs.org/magic-string/-/magic-string-0.25.9.tgz"
  integrity sha512-RmF0AsMzgt25qzqqLc1+MbHmhdx0ojF2Fvs4XnOqz2ZOBXzzkEwc/dJQZCYHAn7v1jbVOjAZfK8msRn4BxO4VQ==
  dependencies:
    sourcemap-codec "^1.4.8"

make-dir@^3.0.2:
  version "3.1.0"
  resolved "https://registry.npmjs.org/make-dir/-/make-dir-3.1.0.tgz"
  integrity sha512-g3FeP20LNwhALb/6Cz6Dd4F2ngze0jz7tbzrD2wAV+o9FeNHe4rL+yK2md0J/fiSf1sa1ADhXqi5+oVwOM/eGw==
  dependencies:
    semver "^6.0.0"

memory-fs@^0.5.0:
  version "0.5.0"
  resolved "https://registry.npmjs.org/memory-fs/-/memory-fs-0.5.0.tgz"
  integrity sha512-jA0rdU5KoQMC0e6ppoNRtpp6vjFq6+NY7r8hywnC7V+1Xj/MtHwGIbB1QaK/dunyjWteJzmkpd7ooeWg10T7GA==
  dependencies:
    errno "^0.1.3"
    readable-stream "^2.0.1"

micromatch@^4.0.0:
  version "4.0.5"
  resolved "https://registry.npmjs.org/micromatch/-/micromatch-4.0.5.tgz"
  integrity sha512-DMy+ERcEW2q8Z2Po+WNXuw3c5YaUSFjAO5GsJqfEl7UjvtIuFKO6ZrKvcItdy98dwFI2N1tg3zNIdKaQT+aNdA==
  dependencies:
    braces "^3.0.2"
    picomatch "^2.3.1"

mime-db@1.52.0:
  version "1.52.0"
  resolved "https://registry.npmjs.org/mime-db/-/mime-db-1.52.0.tgz"
  integrity sha512-sPU4uV7dYlvtWJxwwxHD0PuihVNiE7TyAbQ5SWxDCB9mUYvOgroQOwYQQOKPJ8CIbE+1ETVlOoK1UC2nU3gYvg==

mime-types@^2.1.12:
  version "2.1.35"
  resolved "https://registry.npmjs.org/mime-types/-/mime-types-2.1.35.tgz"
  integrity sha512-ZDY+bPm5zTTF+YpCrAU9nK0UgICYPT0QtT1NZWFv4s++TNkcgVaT0g6+4R2uI4MjQjzysHB1zxuWL50hzaeXiw==
  dependencies:
    mime-db "1.52.0"

minimist@^1.2.0, minimist@^1.2.5:
  version "1.2.8"
  resolved "https://registry.npmjs.org/minimist/-/minimist-1.2.8.tgz"
  integrity sha512-2yyAR8qBkN3YuheJanUpWC5U3bb5osDywNB8RzDVlDwDHbocAJveqqj1u8+SVD7jkWT4yvsHCpWqqWqAxb0zCA==

node-fetch@^2.6.1:
  version "2.6.9"
  resolved "https://registry.npmjs.org/node-fetch/-/node-fetch-2.6.9.tgz"
  integrity sha512-DJm/CJkZkRjKKj4Zi4BsKVZh3ValV5IR5s7LVZnW+6YMh0W1BfNA8XSs6DLMGYlId5F3KnA70uu2qepcR08Qqg==
  dependencies:
    whatwg-url "^5.0.0"

nth-check@^2.0.1:
  version "2.1.1"
  resolved "https://registry.npmjs.org/nth-check/-/nth-check-2.1.1.tgz"
  integrity sha512-lqjrjmaOoAnWfMmBPL+XNnynZh2+swxiX3WUE0s4yEHI6m+AwrK2UZOimIRl3X/4QctVqS8AiZjFqyOGrMXb/w==
  dependencies:
    boolbase "^1.0.0"

p-limit@^2.2.0:
  version "2.3.0"
  resolved "https://registry.npmjs.org/p-limit/-/p-limit-2.3.0.tgz"
  integrity sha512-//88mFWSJx8lxCzwdAABTJL2MyWB12+eIY7MDL2SqLmAkeKU9qxRvWuSyTjm3FUmpBEMuFfckAIqEaVGUDxb6w==
  dependencies:
    p-try "^2.0.0"

p-locate@^4.1.0:
  version "4.1.0"
  resolved "https://registry.npmjs.org/p-locate/-/p-locate-4.1.0.tgz"
  integrity sha512-R79ZZ/0wAxKGu3oYMlz8jy/kbhsNrS7SKZ7PxEHBgJ5+F2mtFW2fK2cOtBh1cHYkQsbzFV7I+EoRKe6Yt0oK7A==
  dependencies:
    p-limit "^2.2.0"

p-try@^2.0.0:
  version "2.2.0"
  resolved "https://registry.npmjs.org/p-try/-/p-try-2.2.0.tgz"
  integrity sha512-R4nPAVTAU0B9D35/Gk3uJf/7XYbQcyohSKdvAxIRSNghFl4e71hVoGnBNQz9cWaXxO2I10KTC+3jMdvvoKw6dQ==

pako@^0.2.5:
  version "0.2.9"
  resolved "https://registry.npmjs.org/pako/-/pako-0.2.9.tgz"
  integrity sha512-NUcwaKxUxWrZLpDG+z/xZaCgQITkA/Dv4V/T6bw7VON6l1Xz/VnrBqrYjZQ12TamKHzITTfOEIYUj48y2KXImA==

parse-css-color@^0.2.1:
  version "0.2.1"
  resolved "https://registry.npmjs.org/parse-css-color/-/parse-css-color-0.2.1.tgz"
  integrity sha512-bwS/GGIFV3b6KS4uwpzCFj4w297Yl3uqnSgIPsoQkx7GMLROXfMnWvxfNkL0oh8HVhZA4hvJoEoEIqonfJ3BWg==
  dependencies:
    color-name "^1.1.4"
    hex-rgb "^4.1.0"

parse-imports@^1.1.0:
  version "1.1.0"
  resolved "https://registry.npmjs.org/parse-imports/-/parse-imports-1.1.0.tgz"
  integrity sha512-ov3Rc9e3wX9+BLR7nFx08+ThdLJfzi8ZXQrqZXfmuxdL+JCCN24m2uuBFBoaa/yyiZ9s8HjcHGDKSXJbKAyDQA==
  dependencies:
    es-module-lexer "0.4.1"
    slashes "2.0.2"

parse5-htmlparser2-tree-adapter@^7.0.0:
  version "7.0.0"
  resolved "https://registry.npmjs.org/parse5-htmlparser2-tree-adapter/-/parse5-htmlparser2-tree-adapter-7.0.0.tgz"
  integrity sha512-B77tOZrqqfUfnVcOrUvfdLbz4pu4RopLD/4vmu3HUPswwTA8OH0EMW9BlWR2B0RCoiZRAHEUu7IxeP1Pd1UU+g==
  dependencies:
    domhandler "^5.0.2"
    parse5 "^7.0.0"

parse5@^7.0.0:
  version "7.1.2"
  resolved "https://registry.npmjs.org/parse5/-/parse5-7.1.2.tgz"
  integrity sha512-Czj1WaSVpaoj0wbhMzLmWD69anp2WH7FXMB9n1Sy8/ZFF9jolSQVMu1Ij5WIyGmcBmhk7EOndpO4mIpihVqAXw==
  dependencies:
    entities "^4.4.0"

path-exists@^4.0.0:
  version "4.0.0"
  resolved "https://registry.npmjs.org/path-exists/-/path-exists-4.0.0.tgz"
  integrity sha512-ak9Qy5Q7jYb2Wwcey5Fpvg2KoAc/ZIhLSLOSBmRmygPsGwkVVt0fZa0qrtMz+m6tJTAHfZQ8FnmB4MG4LWy7/w==

picomatch@^2.3.1:
  version "2.3.1"
  resolved "https://registry.npmjs.org/picomatch/-/picomatch-2.3.1.tgz"
  integrity sha512-JU3teHTNjmE2VCGFzuY8EXzCDVwEqB2a8fsIvwaStHhAWJEeVd1o1QD80CU6+ZdEXXSLbSsuLwJjkCBWqRQUVA==

pkg-dir@^4.1.0:
  version "4.2.0"
  resolved "https://registry.npmjs.org/pkg-dir/-/pkg-dir-4.2.0.tgz"
  integrity sha512-HRDzbaKjC+AOWVXxAU/x54COGeIv9eb+6CkDSQoNTt4XyWoIJvuPsXizxu/Fr23EiekbtZwmh1IcIG/l/a10GQ==
  dependencies:
    find-up "^4.0.0"

postcss-value-parser@^4.0.2, postcss-value-parser@^4.2.0:
  version "4.2.0"
  resolved "https://registry.npmjs.org/postcss-value-parser/-/postcss-value-parser-4.2.0.tgz"
  integrity sha512-1NNCs6uurfkVbeXG4S8JFT9t19m45ICnif8zWLd5oPSZ50QnwMfK+H3jv408d4jw/7Bttv5axS5IiHoLaVNHeQ==

prettier@^1.18.2:
  version "1.19.1"
  resolved "https://registry.npmjs.org/prettier/-/prettier-1.19.1.tgz"
  integrity sha512-s7PoyDv/II1ObgQunCbB9PdLmUcBZcnWOcxDh7O0N/UwDEsHyqkW+Qh28jW+mVuCdx7gLB0BotYI1Y6uI9iyew==

process-nextick-args@~2.0.0:
  version "2.0.1"
  resolved "https://registry.npmjs.org/process-nextick-args/-/process-nextick-args-2.0.1.tgz"
  integrity sha512-3ouUOpQhtgrbOa17J7+uxOTpITYWaGP7/AhoR3+A+/1e9skrzelGi/dXzEYyvbxubEF6Wn2ypscTKiKJFFn1ag==

prr@~1.0.1:
  version "1.0.1"
  resolved "https://registry.npmjs.org/prr/-/prr-1.0.1.tgz"
  integrity sha512-yPw4Sng1gWghHQWj0B3ZggWUm4qVbPwPFcRG8KyxiU7J2OHFSoEHKS+EZ3fv5l1t9CyCiop6l/ZYeWbrgoQejw==

react@^18.2.0:
  version "18.2.0"
  resolved "https://registry.npmjs.org/react/-/react-18.2.0.tgz"
  integrity sha512-/3IjMdb2L9QbBdWiW5e3P2/npwMBaU9mHCSCUzNln0ZCYbcfTsGbTJrU/kGemdH2IWmB2ioZ+zkxtmq6g09fGQ==
  dependencies:
    loose-envify "^1.1.0"

readable-stream@^2.0.1:
  version "2.3.8"
  resolved "https://registry.npmjs.org/readable-stream/-/readable-stream-2.3.8.tgz"
  integrity sha512-8p0AUk4XODgIewSi0l8Epjs+EVnWiK7NoDIEGU0HhE7+ZyY8D1IMY7odu5lRrFXGg71L15KG8QrPmum45RTtdA==
  dependencies:
    core-util-is "~1.0.0"
    inherits "~2.0.3"
    isarray "~1.0.0"
    process-nextick-args "~2.0.0"
    safe-buffer "~5.1.1"
    string_decoder "~1.1.1"
    util-deprecate "~1.0.1"

rollup-plugin-inject@^3.0.0:
  version "3.0.2"
  resolved "https://registry.npmjs.org/rollup-plugin-inject/-/rollup-plugin-inject-3.0.2.tgz"
  integrity sha512-ptg9PQwzs3orn4jkgXJ74bfs5vYz1NCZlSQMBUA0wKcGp5i5pA1AO3fOUEte8enhGUC+iapTCzEWw2jEFFUO/w==
  dependencies:
    estree-walker "^0.6.1"
    magic-string "^0.25.3"
    rollup-pluginutils "^2.8.1"

rollup-plugin-node-polyfills@^0.2.1:
  version "0.2.1"
  resolved "https://registry.npmjs.org/rollup-plugin-node-polyfills/-/rollup-plugin-node-polyfills-0.2.1.tgz"
  integrity sha512-4kCrKPTJ6sK4/gLL/U5QzVT8cxJcofO0OU74tnB19F40cmuAKSzH5/siithxlofFEjwvw1YAhPmbvGNA6jEroA==
  dependencies:
    rollup-plugin-inject "^3.0.0"

rollup-pluginutils@^2.8.1:
  version "2.8.2"
  resolved "https://registry.npmjs.org/rollup-pluginutils/-/rollup-pluginutils-2.8.2.tgz"
  integrity sha512-EEp9NhnUkwY8aif6bxgovPHMoMoNr2FulJziTndpt5H9RdwC47GSGuII9XxpSdzVGM0GWrNPHV6ie1LTNJPaLQ==
  dependencies:
    estree-walker "^0.6.1"

safe-buffer@~5.1.0, safe-buffer@~5.1.1:
  version "5.1.2"
  resolved "https://registry.npmjs.org/safe-buffer/-/safe-buffer-5.1.2.tgz"
  integrity sha512-Gd2UZBJDkXlY7GbJxfsE8/nvKkUEU1G38c1siN6QP6a9PT9MmHB8GnpscSmMJSoF8LOIrt8ud/wPtojys4G6+g==

satori@^0.4.4:
  version "0.4.14"
  resolved "https://registry.npmjs.org/satori/-/satori-0.4.14.tgz"
  integrity sha512-zzkxey12UY6T1rQUhbgPAxeSBL5AJM7aefM4jX3TijN0I8LOHDUX4mh2MXEuqMWUgzV32aR/0nwPka7Eu42wYA==
  dependencies:
    "@shuding/opentype.js" "1.4.0-beta.0"
    css-background-parser "^0.1.0"
    css-box-shadow "1.0.0-3"
    css-to-react-native "^3.0.0"
    emoji-regex "^10.2.1"
    linebreak "^1.1.0"
    parse-css-color "^0.2.1"
    postcss-value-parser "^4.2.0"
    yoga-wasm-web "^0.3.3"

semver@^6.0.0:
  version "6.3.0"
  resolved "https://registry.npmjs.org/semver/-/semver-6.3.0.tgz"
  integrity sha512-b39TBaTSfV6yBrapU89p5fKekE2m/NwnDocOVruQFS1/veMgdzuPcnOM34M6CwxW8jH/lxEa5rBoDeUwu5HHTw==

slashes@2.0.2:
  version "2.0.2"
  resolved "https://registry.npmjs.org/slashes/-/slashes-2.0.2.tgz"
  integrity sha512-68p+QkFAQQRetIUzNXAdktNJr8AYLxJukjBegYQz8F7VATsBJG621UYtY/vS2j9jerxdJ1k6Tc25K4DXEw1d5w==

sourcemap-codec@^1.4.8:
  version "1.4.8"
  resolved "https://registry.npmjs.org/sourcemap-codec/-/sourcemap-codec-1.4.8.tgz"
  integrity sha512-9NykojV5Uih4lgo5So5dtw+f0JgJX30KCNI8gwhz2J9A15wD0Ml6tjHKwf6fTSa6fAdVBdZeNOs9eJ71qCk8vA==

string_decoder@~1.1.1:
  version "1.1.1"
  resolved "https://registry.npmjs.org/string_decoder/-/string_decoder-1.1.1.tgz"
  integrity sha512-n/ShnvDi6FHbbVfviro+WojiFzv+s8MPMHBczVePfUpDJLwoLT0ht1l4YwBCbi8pJAveEEdnkHyPyTP/mzRfwg==
  dependencies:
    safe-buffer "~5.1.0"

string.prototype.codepointat@^0.2.1:
  version "0.2.1"
  resolved "https://registry.npmjs.org/string.prototype.codepointat/-/string.prototype.codepointat-0.2.1.tgz"
  integrity sha512-2cBVCj6I4IOvEnjgO/hWqXjqBGsY+zwPmHl12Srk9IXSZ56Jwwmy+66XO5Iut/oQVR7t5ihYdLB0GMa4alEUcg==

supports-color@^5.3.0:
  version "5.5.0"
  resolved "https://registry.npmjs.org/supports-color/-/supports-color-5.5.0.tgz"
  integrity sha512-QjVjwdXIt408MIiAqCX4oUKsgU2EqAGzs2Ppkm4aQYbjm+ZEWEcW4SfFNTr4uMNZma0ey4f5lgLrkB0aX0QMow==
  dependencies:
    has-flag "^3.0.0"

tapable@^1.0.0:
  version "1.1.3"
  resolved "https://registry.npmjs.org/tapable/-/tapable-1.1.3.tgz"
  integrity sha512-4WK/bYZmj8xLr+HUCODHGF1ZFzsYffasLUgEiMBY4fgtltdO6B4WJtlSbPaDTLpYTcGVwM2qLnFTICEcNxs3kA==

tiny-inflate@^1.0.0:
  version "1.0.3"
  resolved "https://registry.npmjs.org/tiny-inflate/-/tiny-inflate-1.0.3.tgz"
  integrity sha512-pkY1fj1cKHb2seWDy0B16HeWyczlJA9/WW3u3c4z/NiWDsO3DOU5D7nhTLE9CF0yXv/QZFY7sEJmj24dK+Rrqw==

to-regex-range@^5.0.1:
  version "5.0.1"
  resolved "https://registry.npmjs.org/to-regex-range/-/to-regex-range-5.0.1.tgz"
  integrity sha512-65P7iz6X5yEr1cwcgvQxbbIw7Uk3gOy5dIdtZ4rDveLqhrdJP+Li/Hx6tyK0NEb+2GCyneCMJiGqrADCSNk8sQ==
  dependencies:
    is-number "^7.0.0"

tr46@~0.0.3:
  version "0.0.3"
  resolved "https://registry.npmjs.org/tr46/-/tr46-0.0.3.tgz"
  integrity sha512-N3WMsuqV66lT30CrXNbEjx4GEwlow3v6rr4mCcv6prnfwhS01rkgyFdjPNBYd9br7LpXV1+Emh01fHnq2Gdgrw==

ts-loader@^7.0.5:
  version "7.0.5"
  resolved "https://registry.npmjs.org/ts-loader/-/ts-loader-7.0.5.tgz"
  integrity sha512-zXypEIT6k3oTc+OZNx/cqElrsbBtYqDknf48OZos0NQ3RTt045fBIU8RRSu+suObBzYB355aIPGOe/3kj9h7Ig==
  dependencies:
    chalk "^2.3.0"
    enhanced-resolve "^4.0.0"
    loader-utils "^1.0.2"
    micromatch "^4.0.0"
    semver "^6.0.0"

tweetnacl@^1.0.3:
  version "1.0.3"
  resolved "https://registry.npmjs.org/tweetnacl/-/tweetnacl-1.0.3.tgz"
  integrity sha512-6rt+RN7aOi1nGMyC4Xa5DdYiukl2UWCbcJft7YhxReBGQD7OAM8Pbxw6YMo4r2diNEA8FEmu32YOn9rhaiE5yw==

typescript@*, typescript@^4.2.4:
  version "4.9.5"
  resolved "https://registry.npmjs.org/typescript/-/typescript-4.9.5.tgz"
  integrity sha512-1FXk9E2Hm+QzZQ7z+McJiHL4NW1F2EzMu9Nq9i3zAaGqibafqYwCVU6WyWAuyQRRzOlxou8xZSyXLEN8oKj24g==

unicode-trie@^2.0.0:
  version "2.0.0"
  resolved "https://registry.npmjs.org/unicode-trie/-/unicode-trie-2.0.0.tgz"
  integrity sha512-x7bc76x0bm4prf1VLg79uhAzKw8DVboClSN5VxJuQ+LKDOVEW9CdH+VY7SP+vX7xCYQqzzgQpFqz15zeLvAtZQ==
  dependencies:
    pako "^0.2.5"
    tiny-inflate "^1.0.0"

util-deprecate@~1.0.1:
  version "1.0.2"
  resolved "https://registry.npmjs.org/util-deprecate/-/util-deprecate-1.0.2.tgz"
  integrity sha512-EPD5q1uXyFxJpCrLnCc1nHnq3gOa6DZBocAIiI2TaSCA7VCJ1UJDMagCzIkXNsUYfD1daK//LTEQ8xiIbrHtcw==

wabt@latest:
  version "1.0.32"
  resolved "https://registry.npmjs.org/wabt/-/wabt-1.0.32.tgz"
  integrity sha512-1aHvkKaSrrl7qFtAbQ1RWVHLuJApRh7PtUdYvRtiUEKEhk0MOV0sTuz5cLF6jL5jPLRyifLbZcR65AEga/xBhQ==

webidl-conversions@^3.0.0:
  version "3.0.1"
  resolved "https://registry.npmjs.org/webidl-conversions/-/webidl-conversions-3.0.1.tgz"
  integrity sha512-2JAn3z8AR6rjK8Sm8orRC0h/bcl/DqL7tRPdGZ4I1CjdF+EaMLmYxBHyXuKL849eucPFhvBoxMsflfOb8kxaeQ==

whatwg-url@^5.0.0:
  version "5.0.0"
  resolved "https://registry.npmjs.org/whatwg-url/-/whatwg-url-5.0.0.tgz"
  integrity sha512-saE57nupxk6v3HY35+jzBwYa0rKSy0XR8JSxZPwgLr7ys0IBzhGviA1/TUGJLmSVqs8pb9AnvICXEuOHLprYTw==
  dependencies:
    tr46 "~0.0.3"
    webidl-conversions "^3.0.0"

yoga-wasm-web@^0.3.3:
  version "0.3.3"
  resolved "https://registry.npmjs.org/yoga-wasm-web/-/yoga-wasm-web-0.3.3.tgz"
  integrity sha512-N+d4UJSJbt/R3wqY7Coqs5pcV0aUj2j9IaQ3rNj9bVCLld8tTGKRa2USARjnvZJWVx1NDmQev8EknoczaOQDOA==
